// !$*UTF8*$!
{
	archiveVersion = 1;
	classes = {
	};
	objectVersion = 46;
	objects = {

/* Begin PBXBuildFile section */
		087FE01B1D114DFDACBDE29B /* libPods.a in Frameworks */ = {isa = PBXBuildFile; fileRef = 1C48E13517614E6494407662 /* libPods.a */; };
		1261C4A91782DE9E00D13930 /* SimpleTest.m in Sources */ = {isa = PBXBuildFile; fileRef = 1261C4A81782DE9E00D13930 /* SimpleTest.m */; };
		1261C4AF1782E06B00D13930 /* NumberDoubler.m in Sources */ = {isa = PBXBuildFile; fileRef = 1261C4AE1782E06B00D13930 /* NumberDoubler.m */; };
		1261C4B01782E06B00D13930 /* NumberDoubler.m in Sources */ = {isa = PBXBuildFile; fileRef = 1261C4AE1782E06B00D13930 /* NumberDoubler.m */; };
		12AB37E11782D2B80060334D /* UIKit.framework in Frameworks */ = {isa = PBXBuildFile; fileRef = 12AB37E01782D2B80060334D /* UIKit.framework */; };
		12AB37E31782D2B80060334D /* Foundation.framework in Frameworks */ = {isa = PBXBuildFile; fileRef = 12AB37E21782D2B80060334D /* Foundation.framework */; };
		12AB37E51782D2B80060334D /* CoreGraphics.framework in Frameworks */ = {isa = PBXBuildFile; fileRef = 12AB37E41782D2B80060334D /* CoreGraphics.framework */; };
		12AB37EB1782D2B80060334D /* InfoPlist.strings in Resources */ = {isa = PBXBuildFile; fileRef = 12AB37E91782D2B80060334D /* InfoPlist.strings */; };
		12AB37ED1782D2B80060334D /* main.m in Sources */ = {isa = PBXBuildFile; fileRef = 12AB37EC1782D2B80060334D /* main.m */; };
		12AB37F11782D2B80060334D /* AppDelegate.m in Sources */ = {isa = PBXBuildFile; fileRef = 12AB37F01782D2B80060334D /* AppDelegate.m */; };
		12AB37F31782D2B80060334D /* Default.png in Resources */ = {isa = PBXBuildFile; fileRef = 12AB37F21782D2B80060334D /* Default.png */; };
		12AB37F51782D2B80060334D /* Default@2x.png in Resources */ = {isa = PBXBuildFile; fileRef = 12AB37F41782D2B80060334D /* Default@2x.png */; };
		12AB37F71782D2B90060334D /* Default-568h@2x.png in Resources */ = {isa = PBXBuildFile; fileRef = 12AB37F61782D2B90060334D /* Default-568h@2x.png */; };
		12AB37FA1782D2B90060334D /* MasterViewController.m in Sources */ = {isa = PBXBuildFile; fileRef = 12AB37F91782D2B90060334D /* MasterViewController.m */; };
		12AB37FD1782D2B90060334D /* DetailViewController.m in Sources */ = {isa = PBXBuildFile; fileRef = 12AB37FC1782D2B90060334D /* DetailViewController.m */; };
		12AB38001782D2B90060334D /* MasterViewController.xib in Resources */ = {isa = PBXBuildFile; fileRef = 12AB37FE1782D2B90060334D /* MasterViewController.xib */; };
		12AB38031782D2B90060334D /* DetailViewController.xib in Resources */ = {isa = PBXBuildFile; fileRef = 12AB38011782D2B90060334D /* DetailViewController.xib */; };
		12AB38781782DD180060334D /* UIKit.framework in Frameworks */ = {isa = PBXBuildFile; fileRef = 12AB37E01782D2B80060334D /* UIKit.framework */; };
		12AB38791782DD180060334D /* Foundation.framework in Frameworks */ = {isa = PBXBuildFile; fileRef = 12AB37E21782D2B80060334D /* Foundation.framework */; };
		12AB387A1782DD180060334D /* CoreGraphics.framework in Frameworks */ = {isa = PBXBuildFile; fileRef = 12AB37E41782D2B80060334D /* CoreGraphics.framework */; };
		12AB38801782DD180060334D /* InfoPlist.strings in Resources */ = {isa = PBXBuildFile; fileRef = 12AB387E1782DD180060334D /* InfoPlist.strings */; };
		12AB38821782DD180060334D /* main.m in Sources */ = {isa = PBXBuildFile; fileRef = 12AB38811782DD180060334D /* main.m */; };
		12AB38881782DD180060334D /* Default.png in Resources */ = {isa = PBXBuildFile; fileRef = 12AB38871782DD180060334D /* Default.png */; };
		12AB388A1782DD180060334D /* Default@2x.png in Resources */ = {isa = PBXBuildFile; fileRef = 12AB38891782DD180060334D /* Default@2x.png */; };
		12AB388C1782DD180060334D /* Default-568h@2x.png in Resources */ = {isa = PBXBuildFile; fileRef = 12AB388B1782DD180060334D /* Default-568h@2x.png */; };
		4E262F6FF24D4A76A7A507C7 /* libPods-SimpleProjectTests.a in Frameworks */ = {isa = PBXBuildFile; fileRef = AA7E814C00C34430AD5F4098 /* libPods-SimpleProjectTests.a */; };
/* End PBXBuildFile section */

/* Begin PBXFileReference section */
		1261C4A81782DE9E00D13930 /* SimpleTest.m */ = {isa = PBXFileReference; fileEncoding = 4; lastKnownFileType = sourcecode.c.objc; path = SimpleTest.m; sourceTree = "<group>"; };
		1261C4AD1782E06B00D13930 /* NumberDoubler.h */ = {isa = PBXFileReference; fileEncoding = 4; lastKnownFileType = sourcecode.c.h; path = NumberDoubler.h; sourceTree = "<group>"; };
		1261C4AE1782E06B00D13930 /* NumberDoubler.m */ = {isa = PBXFileReference; fileEncoding = 4; lastKnownFileType = sourcecode.c.objc; path = NumberDoubler.m; sourceTree = "<group>"; };
		12AB37DD1782D2B80060334D /* SimpleProject.app */ = {isa = PBXFileReference; explicitFileType = wrapper.application; includeInIndex = 0; path = SimpleProject.app; sourceTree = BUILT_PRODUCTS_DIR; };
		12AB37E01782D2B80060334D /* UIKit.framework */ = {isa = PBXFileReference; lastKnownFileType = wrapper.framework; name = UIKit.framework; path = System/Library/Frameworks/UIKit.framework; sourceTree = SDKROOT; };
		12AB37E21782D2B80060334D /* Foundation.framework */ = {isa = PBXFileReference; lastKnownFileType = wrapper.framework; name = Foundation.framework; path = System/Library/Frameworks/Foundation.framework; sourceTree = SDKROOT; };
		12AB37E41782D2B80060334D /* CoreGraphics.framework */ = {isa = PBXFileReference; lastKnownFileType = wrapper.framework; name = CoreGraphics.framework; path = System/Library/Frameworks/CoreGraphics.framework; sourceTree = SDKROOT; };
		12AB37E81782D2B80060334D /* SimpleProject-Info.plist */ = {isa = PBXFileReference; lastKnownFileType = text.plist.xml; path = "SimpleProject-Info.plist"; sourceTree = "<group>"; };
		12AB37EA1782D2B80060334D /* en */ = {isa = PBXFileReference; lastKnownFileType = text.plist.strings; name = en; path = en.lproj/InfoPlist.strings; sourceTree = "<group>"; };
		12AB37EC1782D2B80060334D /* main.m */ = {isa = PBXFileReference; lastKnownFileType = sourcecode.c.objc; path = main.m; sourceTree = "<group>"; };
		12AB37EE1782D2B80060334D /* SimpleProject-Prefix.pch */ = {isa = PBXFileReference; lastKnownFileType = sourcecode.c.h; path = "SimpleProject-Prefix.pch"; sourceTree = "<group>"; };
		12AB37EF1782D2B80060334D /* AppDelegate.h */ = {isa = PBXFileReference; lastKnownFileType = sourcecode.c.h; path = AppDelegate.h; sourceTree = "<group>"; };
		12AB37F01782D2B80060334D /* AppDelegate.m */ = {isa = PBXFileReference; lastKnownFileType = sourcecode.c.objc; path = AppDelegate.m; sourceTree = "<group>"; };
		12AB37F21782D2B80060334D /* Default.png */ = {isa = PBXFileReference; lastKnownFileType = image.png; path = Default.png; sourceTree = "<group>"; };
		12AB37F41782D2B80060334D /* Default@2x.png */ = {isa = PBXFileReference; lastKnownFileType = image.png; path = "Default@2x.png"; sourceTree = "<group>"; };
		12AB37F61782D2B90060334D /* Default-568h@2x.png */ = {isa = PBXFileReference; lastKnownFileType = image.png; path = "Default-568h@2x.png"; sourceTree = "<group>"; };
		12AB37F81782D2B90060334D /* MasterViewController.h */ = {isa = PBXFileReference; lastKnownFileType = sourcecode.c.h; path = MasterViewController.h; sourceTree = "<group>"; };
		12AB37F91782D2B90060334D /* MasterViewController.m */ = {isa = PBXFileReference; lastKnownFileType = sourcecode.c.objc; path = MasterViewController.m; sourceTree = "<group>"; };
		12AB37FB1782D2B90060334D /* DetailViewController.h */ = {isa = PBXFileReference; lastKnownFileType = sourcecode.c.h; path = DetailViewController.h; sourceTree = "<group>"; };
		12AB37FC1782D2B90060334D /* DetailViewController.m */ = {isa = PBXFileReference; lastKnownFileType = sourcecode.c.objc; path = DetailViewController.m; sourceTree = "<group>"; };
		12AB37FF1782D2B90060334D /* en */ = {isa = PBXFileReference; lastKnownFileType = file.xib; name = en; path = en.lproj/MasterViewController.xib; sourceTree = "<group>"; };
		12AB38021782D2B90060334D /* en */ = {isa = PBXFileReference; lastKnownFileType = file.xib; name = en; path = en.lproj/DetailViewController.xib; sourceTree = "<group>"; };
		12AB38771782DD180060334D /* SimpleProjectTests.app */ = {isa = PBXFileReference; explicitFileType = wrapper.application; includeInIndex = 0; path = SimpleProjectTests.app; sourceTree = BUILT_PRODUCTS_DIR; };
		12AB387D1782DD180060334D /* SimpleProjectTests-Info.plist */ = {isa = PBXFileReference; lastKnownFileType = text.plist.xml; path = "SimpleProjectTests-Info.plist"; sourceTree = "<group>"; };
		12AB387F1782DD180060334D /* en */ = {isa = PBXFileReference; lastKnownFileType = text.plist.strings; name = en; path = en.lproj/InfoPlist.strings; sourceTree = "<group>"; };
		12AB38811782DD180060334D /* main.m */ = {isa = PBXFileReference; lastKnownFileType = sourcecode.c.objc; path = main.m; sourceTree = "<group>"; };
		12AB38831782DD180060334D /* SimpleProjectTests-Prefix.pch */ = {isa = PBXFileReference; lastKnownFileType = sourcecode.c.h; path = "SimpleProjectTests-Prefix.pch"; sourceTree = "<group>"; };
		12AB38871782DD180060334D /* Default.png */ = {isa = PBXFileReference; lastKnownFileType = image.png; path = Default.png; sourceTree = "<group>"; };
		12AB38891782DD180060334D /* Default@2x.png */ = {isa = PBXFileReference; lastKnownFileType = image.png; path = "Default@2x.png"; sourceTree = "<group>"; };
		12AB388B1782DD180060334D /* Default-568h@2x.png */ = {isa = PBXFileReference; lastKnownFileType = image.png; path = "Default-568h@2x.png"; sourceTree = "<group>"; };
		1C48E13517614E6494407662 /* libPods.a */ = {isa = PBXFileReference; explicitFileType = archive.ar; includeInIndex = 0; path = libPods.a; sourceTree = BUILT_PRODUCTS_DIR; };
		49A9ECB557554F00913EB58F /* Pods.xcconfig */ = {isa = PBXFileReference; includeInIndex = 1; lastKnownFileType = text.xcconfig; name = Pods.xcconfig; path = Pods/Pods.xcconfig; sourceTree = SOURCE_ROOT; };
		76CCB474EFA743CAB5CEC58E /* Pods-SimpleProjectTests.xcconfig */ = {isa = PBXFileReference; includeInIndex = 1; lastKnownFileType = text.xcconfig; name = "Pods-SimpleProjectTests.xcconfig"; path = "Pods/Pods-SimpleProjectTests.xcconfig"; sourceTree = SOURCE_ROOT; };
		AA7E814C00C34430AD5F4098 /* libPods-SimpleProjectTests.a */ = {isa = PBXFileReference; explicitFileType = archive.ar; includeInIndex = 0; path = "libPods-SimpleProjectTests.a"; sourceTree = BUILT_PRODUCTS_DIR; };
/* End PBXFileReference section */

/* Begin PBXFrameworksBuildPhase section */
		12AB37DA1782D2B80060334D /* Frameworks */ = {
			isa = PBXFrameworksBuildPhase;
			buildActionMask = 2147483647;
			files = (
				12AB37E11782D2B80060334D /* UIKit.framework in Frameworks */,
				12AB37E31782D2B80060334D /* Foundation.framework in Frameworks */,
				12AB37E51782D2B80060334D /* CoreGraphics.framework in Frameworks */,
				087FE01B1D114DFDACBDE29B /* libPods.a in Frameworks */,
			);
			runOnlyForDeploymentPostprocessing = 0;
		};
		12AB38741782DD180060334D /* Frameworks */ = {
			isa = PBXFrameworksBuildPhase;
			buildActionMask = 2147483647;
			files = (
				12AB38781782DD180060334D /* UIKit.framework in Frameworks */,
				12AB38791782DD180060334D /* Foundation.framework in Frameworks */,
				12AB387A1782DD180060334D /* CoreGraphics.framework in Frameworks */,
				4E262F6FF24D4A76A7A507C7 /* libPods-SimpleProjectTests.a in Frameworks */,
			);
			runOnlyForDeploymentPostprocessing = 0;
		};
/* End PBXFrameworksBuildPhase section */

/* Begin PBXGroup section */
		12AB37D41782D2B80060334D = {
			isa = PBXGroup;
			children = (
				12AB37E61782D2B80060334D /* SimpleProject */,
				12AB387B1782DD180060334D /* SimpleProjectTests */,
				12AB37DF1782D2B80060334D /* Frameworks */,
				12AB37DE1782D2B80060334D /* Products */,
				49A9ECB557554F00913EB58F /* Pods.xcconfig */,
				76CCB474EFA743CAB5CEC58E /* Pods-SimpleProjectTests.xcconfig */,
			);
			sourceTree = "<group>";
		};
		12AB37DE1782D2B80060334D /* Products */ = {
			isa = PBXGroup;
			children = (
				12AB37DD1782D2B80060334D /* SimpleProject.app */,
				12AB38771782DD180060334D /* SimpleProjectTests.app */,
			);
			name = Products;
			sourceTree = "<group>";
		};
		12AB37DF1782D2B80060334D /* Frameworks */ = {
			isa = PBXGroup;
			children = (
				12AB37E01782D2B80060334D /* UIKit.framework */,
				12AB37E21782D2B80060334D /* Foundation.framework */,
				12AB37E41782D2B80060334D /* CoreGraphics.framework */,
				1C48E13517614E6494407662 /* libPods.a */,
				AA7E814C00C34430AD5F4098 /* libPods-SimpleProjectTests.a */,
			);
			name = Frameworks;
			sourceTree = "<group>";
		};
		12AB37E61782D2B80060334D /* SimpleProject */ = {
			isa = PBXGroup;
			children = (
				12AB37EF1782D2B80060334D /* AppDelegate.h */,
				12AB37F01782D2B80060334D /* AppDelegate.m */,
				12AB37F81782D2B90060334D /* MasterViewController.h */,
				12AB37F91782D2B90060334D /* MasterViewController.m */,
				12AB37FB1782D2B90060334D /* DetailViewController.h */,
				12AB37FC1782D2B90060334D /* DetailViewController.m */,
				12AB37FE1782D2B90060334D /* MasterViewController.xib */,
				12AB38011782D2B90060334D /* DetailViewController.xib */,
				12AB37E71782D2B80060334D /* Supporting Files */,
				1261C4AD1782E06B00D13930 /* NumberDoubler.h */,
				1261C4AE1782E06B00D13930 /* NumberDoubler.m */,
			);
			path = SimpleProject;
			sourceTree = "<group>";
		};
		12AB37E71782D2B80060334D /* Supporting Files */ = {
			isa = PBXGroup;
			children = (
				12AB37E81782D2B80060334D /* SimpleProject-Info.plist */,
				12AB37E91782D2B80060334D /* InfoPlist.strings */,
				12AB37EC1782D2B80060334D /* main.m */,
				12AB37EE1782D2B80060334D /* SimpleProject-Prefix.pch */,
				12AB37F21782D2B80060334D /* Default.png */,
				12AB37F41782D2B80060334D /* Default@2x.png */,
				12AB37F61782D2B90060334D /* Default-568h@2x.png */,
			);
			name = "Supporting Files";
			sourceTree = "<group>";
		};
		12AB387B1782DD180060334D /* SimpleProjectTests */ = {
			isa = PBXGroup;
			children = (
				12AB387C1782DD180060334D /* Supporting Files */,
				1261C4A81782DE9E00D13930 /* SimpleTest.m */,
			);
			path = SimpleProjectTests;
			sourceTree = "<group>";
		};
		12AB387C1782DD180060334D /* Supporting Files */ = {
			isa = PBXGroup;
			children = (
				12AB387D1782DD180060334D /* SimpleProjectTests-Info.plist */,
				12AB387E1782DD180060334D /* InfoPlist.strings */,
				12AB38811782DD180060334D /* main.m */,
				12AB38831782DD180060334D /* SimpleProjectTests-Prefix.pch */,
				12AB38871782DD180060334D /* Default.png */,
				12AB38891782DD180060334D /* Default@2x.png */,
				12AB388B1782DD180060334D /* Default-568h@2x.png */,
			);
			name = "Supporting Files";
			sourceTree = "<group>";
		};
/* End PBXGroup section */

/* Begin PBXNativeTarget section */
		12AB37DC1782D2B80060334D /* SimpleProject */ = {
			isa = PBXNativeTarget;
			buildConfigurationList = 12AB38061782D2B90060334D /* Build configuration list for PBXNativeTarget "SimpleProject" */;
			buildPhases = (
				6759C0A611F14ECDA0A3F1A8 /* Check Pods Manifest.lock */,
				12AB37D91782D2B80060334D /* Sources */,
				12AB37DA1782D2B80060334D /* Frameworks */,
				12AB37DB1782D2B80060334D /* Resources */,
				C1133D8D0DB143289CDD8F3B /* Copy Pods Resources */,
			);
			buildRules = (
			);
			dependencies = (
			);
			name = SimpleProject;
			productName = SimpleProject;
			productReference = 12AB37DD1782D2B80060334D /* SimpleProject.app */;
			productType = "com.apple.product-type.application";
		};
		12AB38761782DD180060334D /* SimpleProjectTests */ = {
			isa = PBXNativeTarget;
			buildConfigurationList = 12AB388F1782DD180060334D /* Build configuration list for PBXNativeTarget "SimpleProjectTests" */;
			buildPhases = (
				EDE4317772BC4BF0A1A40087 /* Check Pods Manifest.lock */,
				12AB38731782DD180060334D /* Sources */,
				12AB38741782DD180060334D /* Frameworks */,
				12AB38751782DD180060334D /* Resources */,
				1B0D4B30F8974206905FB723 /* Copy Pods Resources */,
			);
			buildRules = (
			);
			dependencies = (
			);
			name = SimpleProjectTests;
			productName = SimpleProjectTests;
			productReference = 12AB38771782DD180060334D /* SimpleProjectTests.app */;
			productType = "com.apple.product-type.application";
		};
/* End PBXNativeTarget section */

/* Begin PBXProject section */
		12AB37D51782D2B80060334D /* Project object */ = {
			isa = PBXProject;
			attributes = {
				LastUpgradeCheck = 0460;
				ORGANIZATIONNAME = "Silviu Pop";
			};
			buildConfigurationList = 12AB37D81782D2B80060334D /* Build configuration list for PBXProject "SimpleProject" */;
			compatibilityVersion = "Xcode 3.2";
			developmentRegion = English;
			hasScannedForEncodings = 0;
			knownRegions = (
				en,
			);
			mainGroup = 12AB37D41782D2B80060334D;
			productRefGroup = 12AB37DE1782D2B80060334D /* Products */;
			projectDirPath = "";
			projectRoot = "";
			targets = (
				12AB37DC1782D2B80060334D /* SimpleProject */,
				12AB38761782DD180060334D /* SimpleProjectTests */,
			);
		};
/* End PBXProject section */

/* Begin PBXResourcesBuildPhase section */
		12AB37DB1782D2B80060334D /* Resources */ = {
			isa = PBXResourcesBuildPhase;
			buildActionMask = 2147483647;
			files = (
				12AB37EB1782D2B80060334D /* InfoPlist.strings in Resources */,
				12AB37F31782D2B80060334D /* Default.png in Resources */,
				12AB37F51782D2B80060334D /* Default@2x.png in Resources */,
				12AB37F71782D2B90060334D /* Default-568h@2x.png in Resources */,
				12AB38001782D2B90060334D /* MasterViewController.xib in Resources */,
				12AB38031782D2B90060334D /* DetailViewController.xib in Resources */,
			);
			runOnlyForDeploymentPostprocessing = 0;
		};
		12AB38751782DD180060334D /* Resources */ = {
			isa = PBXResourcesBuildPhase;
			buildActionMask = 2147483647;
			files = (
				12AB38801782DD180060334D /* InfoPlist.strings in Resources */,
				12AB38881782DD180060334D /* Default.png in Resources */,
				12AB388A1782DD180060334D /* Default@2x.png in Resources */,
				12AB388C1782DD180060334D /* Default-568h@2x.png in Resources */,
			);
			runOnlyForDeploymentPostprocessing = 0;
		};
/* End PBXResourcesBuildPhase section */

/* Begin PBXShellScriptBuildPhase section */
		1B0D4B30F8974206905FB723 /* Copy Pods Resources */ = {
			isa = PBXShellScriptBuildPhase;
			buildActionMask = 2147483647;
			files = (
			);
			inputPaths = (
			);
			name = "Copy Pods Resources";
			outputPaths = (
			);
			runOnlyForDeploymentPostprocessing = 0;
			shellPath = /bin/sh;
			shellScript = "\"${SRCROOT}/Pods/Pods-SimpleProjectTests-resources.sh\"\n";
		};
		6759C0A611F14ECDA0A3F1A8 /* Check Pods Manifest.lock */ = {
			isa = PBXShellScriptBuildPhase;
			buildActionMask = 2147483647;
			files = (
			);
			inputPaths = (
			);
			name = "Check Pods Manifest.lock";
			outputPaths = (
			);
			runOnlyForDeploymentPostprocessing = 0;
			shellPath = /bin/sh;
			shellScript = "diff \"${PODS_ROOT}/../Podfile.lock\" \"${PODS_ROOT}/Manifest.lock\" > /dev/null\nif [[ $? != 0 ]] ; then\n    cat << EOM\nerror: The sandbox is not in sync with the Podfile.lock. Run 'pod install' or update your CocoaPods installation.\nEOM\n    exit 1\nfi\n";
		};
		C1133D8D0DB143289CDD8F3B /* Copy Pods Resources */ = {
			isa = PBXShellScriptBuildPhase;
			buildActionMask = 2147483647;
			files = (
			);
			inputPaths = (
			);
			name = "Copy Pods Resources";
			outputPaths = (
			);
			runOnlyForDeploymentPostprocessing = 0;
			shellPath = /bin/sh;
			shellScript = "\"${SRCROOT}/Pods/Pods-resources.sh\"\n";
		};
		EDE4317772BC4BF0A1A40087 /* Check Pods Manifest.lock */ = {
			isa = PBXShellScriptBuildPhase;
			buildActionMask = 2147483647;
			files = (
			);
			inputPaths = (
			);
			name = "Check Pods Manifest.lock";
			outputPaths = (
			);
			runOnlyForDeploymentPostprocessing = 0;
			shellPath = /bin/sh;
			shellScript = "diff \"${PODS_ROOT}/../Podfile.lock\" \"${PODS_ROOT}/Manifest.lock\" > /dev/null\nif [[ $? != 0 ]] ; then\n    cat << EOM\nerror: The sandbox is not in sync with the Podfile.lock. Run 'pod install' or update your CocoaPods installation.\nEOM\n    exit 1\nfi\n";
		};
/* End PBXShellScriptBuildPhase section */

/* Begin PBXSourcesBuildPhase section */
		12AB37D91782D2B80060334D /* Sources */ = {
			isa = PBXSourcesBuildPhase;
			buildActionMask = 2147483647;
			files = (
				12AB37ED1782D2B80060334D /* main.m in Sources */,
				12AB37F11782D2B80060334D /* AppDelegate.m in Sources */,
				12AB37FA1782D2B90060334D /* MasterViewController.m in Sources */,
				12AB37FD1782D2B90060334D /* DetailViewController.m in Sources */,
				1261C4AF1782E06B00D13930 /* NumberDoubler.m in Sources */,
			);
			runOnlyForDeploymentPostprocessing = 0;
		};
		12AB38731782DD180060334D /* Sources */ = {
			isa = PBXSourcesBuildPhase;
			buildActionMask = 2147483647;
			files = (
				12AB38821782DD180060334D /* main.m in Sources */,
				1261C4A91782DE9E00D13930 /* SimpleTest.m in Sources */,
				1261C4B01782E06B00D13930 /* NumberDoubler.m in Sources */,
			);
			runOnlyForDeploymentPostprocessing = 0;
		};
/* End PBXSourcesBuildPhase section */

/* Begin PBXVariantGroup section */
		12AB37E91782D2B80060334D /* InfoPlist.strings */ = {
			isa = PBXVariantGroup;
			children = (
				12AB37EA1782D2B80060334D /* en */,
			);
			name = InfoPlist.strings;
			sourceTree = "<group>";
		};
		12AB37FE1782D2B90060334D /* MasterViewController.xib */ = {
			isa = PBXVariantGroup;
			children = (
				12AB37FF1782D2B90060334D /* en */,
			);
			name = MasterViewController.xib;
			sourceTree = "<group>";
		};
		12AB38011782D2B90060334D /* DetailViewController.xib */ = {
			isa = PBXVariantGroup;
			children = (
				12AB38021782D2B90060334D /* en */,
			);
			name = DetailViewController.xib;
			sourceTree = "<group>";
		};
		12AB387E1782DD180060334D /* InfoPlist.strings */ = {
			isa = PBXVariantGroup;
			children = (
				12AB387F1782DD180060334D /* en */,
			);
			name = InfoPlist.strings;
			sourceTree = "<group>";
		};
/* End PBXVariantGroup section */

/* Begin XCBuildConfiguration section */
		12AB38041782D2B90060334D /* Debug */ = {
			isa = XCBuildConfiguration;
			buildSettings = {
				ALWAYS_SEARCH_USER_PATHS = NO;
				CLANG_CXX_LANGUAGE_STANDARD = "gnu++0x";
				CLANG_CXX_LIBRARY = "libc++";
				CLANG_ENABLE_OBJC_ARC = YES;
				CLANG_WARN_CONSTANT_CONVERSION = YES;
				CLANG_WARN_EMPTY_BODY = YES;
				CLANG_WARN_ENUM_CONVERSION = YES;
				CLANG_WARN_INT_CONVERSION = YES;
				CLANG_WARN__DUPLICATE_METHOD_MATCH = YES;
				"CODE_SIGN_IDENTITY[sdk=iphoneos*]" = "iPhone Developer";
				COPY_PHASE_STRIP = NO;
				GCC_C_LANGUAGE_STANDARD = gnu99;
				GCC_DYNAMIC_NO_PIC = NO;
				GCC_OPTIMIZATION_LEVEL = 0;
				GCC_PREPROCESSOR_DEFINITIONS = (
					"DEBUG=1",
					"$(inherited)",
				);
				GCC_SYMBOLS_PRIVATE_EXTERN = NO;
				GCC_WARN_ABOUT_RETURN_TYPE = YES;
				GCC_WARN_UNINITIALIZED_AUTOS = YES;
				GCC_WARN_UNUSED_VARIABLE = YES;
				IPHONEOS_DEPLOYMENT_TARGET = 6.1;
				ONLY_ACTIVE_ARCH = YES;
				SDKROOT = iphoneos;
			};
			name = Debug;
		};
		12AB38051782D2B90060334D /* Release */ = {
			isa = XCBuildConfiguration;
			buildSettings = {
				ALWAYS_SEARCH_USER_PATHS = NO;
				CLANG_CXX_LANGUAGE_STANDARD = "gnu++0x";
				CLANG_CXX_LIBRARY = "libc++";
				CLANG_ENABLE_OBJC_ARC = YES;
				CLANG_WARN_CONSTANT_CONVERSION = YES;
				CLANG_WARN_EMPTY_BODY = YES;
				CLANG_WARN_ENUM_CONVERSION = YES;
				CLANG_WARN_INT_CONVERSION = YES;
				CLANG_WARN__DUPLICATE_METHOD_MATCH = YES;
				"CODE_SIGN_IDENTITY[sdk=iphoneos*]" = "iPhone Developer";
				COPY_PHASE_STRIP = YES;
				GCC_C_LANGUAGE_STANDARD = gnu99;
				GCC_WARN_ABOUT_RETURN_TYPE = YES;
				GCC_WARN_UNINITIALIZED_AUTOS = YES;
				GCC_WARN_UNUSED_VARIABLE = YES;
				IPHONEOS_DEPLOYMENT_TARGET = 6.1;
				OTHER_CFLAGS = "-DNS_BLOCK_ASSERTIONS=1";
				SDKROOT = iphoneos;
				VALIDATE_PRODUCT = YES;
			};
			name = Release;
		};
		12AB38071782D2B90060334D /* Debug */ = {
			isa = XCBuildConfiguration;
			baseConfigurationReference = 49A9ECB557554F00913EB58F /* Pods.xcconfig */;
			buildSettings = {
				GCC_PRECOMPILE_PREFIX_HEADER = YES;
				GCC_PREFIX_HEADER = "SimpleProject/SimpleProject-Prefix.pch";
				INFOPLIST_FILE = "SimpleProject/SimpleProject-Info.plist";
				PRODUCT_NAME = "$(TARGET_NAME)";
				WRAPPER_EXTENSION = app;
			};
			name = Debug;
		};
		12AB38081782D2B90060334D /* Release */ = {
			isa = XCBuildConfiguration;
			baseConfigurationReference = 49A9ECB557554F00913EB58F /* Pods.xcconfig */;
			buildSettings = {
				GCC_PRECOMPILE_PREFIX_HEADER = YES;
				GCC_PREFIX_HEADER = "SimpleProject/SimpleProject-Prefix.pch";
				INFOPLIST_FILE = "SimpleProject/SimpleProject-Info.plist";
				PRODUCT_NAME = "$(TARGET_NAME)";
				WRAPPER_EXTENSION = app;
			};
			name = Release;
		};
		12AB388D1782DD180060334D /* Debug */ = {
			isa = XCBuildConfiguration;
			baseConfigurationReference = 76CCB474EFA743CAB5CEC58E /* Pods-SimpleProjectTests.xcconfig */;
			buildSettings = {
				"CODE_SIGN_IDENTITY[sdk=iphoneos*]" = "iPhone Developer";
				GCC_PRECOMPILE_PREFIX_HEADER = YES;
				GCC_PREFIX_HEADER = "SimpleProjectTests/SimpleProjectTests-Prefix.pch";
				INFOPLIST_FILE = "SimpleProjectTests/SimpleProjectTests-Info.plist";
				PRODUCT_NAME = "$(TARGET_NAME)";
				WRAPPER_EXTENSION = app;
			};
			name = Debug;
		};
		12AB388E1782DD180060334D /* Release */ = {
			isa = XCBuildConfiguration;
			baseConfigurationReference = 76CCB474EFA743CAB5CEC58E /* Pods-SimpleProjectTests.xcconfig */;
			buildSettings = {
				"CODE_SIGN_IDENTITY[sdk=iphoneos*]" = "iPhone Developer";
				GCC_PRECOMPILE_PREFIX_HEADER = YES;
				GCC_PREFIX_HEADER = "SimpleProjectTests/SimpleProjectTests-Prefix.pch";
				INFOPLIST_FILE = "SimpleProjectTests/SimpleProjectTests-Info.plist";
				PRODUCT_NAME = "$(TARGET_NAME)";
				WRAPPER_EXTENSION = app;
			};
			name = Release;
		};
/* End XCBuildConfiguration section */

/* Begin XCConfigurationList section */
		12AB37D81782D2B80060334D /* Build configuration list for PBXProject "SimpleProject" */ = {
			isa = XCConfigurationList;
			buildConfigurations = (
				12AB38041782D2B90060334D /* Debug */,
				12AB38051782D2B90060334D /* Release */,
			);
			defaultConfigurationIsVisible = 0;
			defaultConfigurationName = Release;
		};
		12AB38061782D2B90060334D /* Build configuration list for PBXNativeTarget "SimpleProject" */ = {
			isa = XCConfigurationList;
			buildConfigurations = (
				12AB38071782D2B90060334D /* Debug */,
				12AB38081782D2B90060334D /* Release */,
			);
			defaultConfigurationIsVisible = 0;
			defaultConfigurationName = Release;
		};
		12AB388F1782DD180060334D /* Build configuration list for PBXNativeTarget "SimpleProjectTests" */ = {
			isa = XCConfigurationList;
			buildConfigurations = (
				12AB388D1782DD180060334D /* Debug */,
				12AB388E1782DD180060334D /* Release */,
			);
			defaultConfigurationIsVisible = 0;
			defaultConfigurationName = Release;
		};
/* End XCConfigurationList section */
	};
	rootObject = 12AB37D51782D2B80060334D /* Project object */;
}
